---
minor_changes:
  - >-
    Add the controller-only ``onepassword_ssh_secret_stdin`` action and module
    contract for one-time, approval-bound, no-output SSH secret delivery.
security_fixes:
  - >-
    Preserve the exact 1Password secret bytes through stdin without appending a
    newline, and bind unlock execution to the approved host identity, command,
    item versions, signing authority, and replay claim.
